<?xml version="1.0" encoding="utf-8"?>
<Project ToolsVersion="4.0" xmlns="http://schemas.microsoft.com/developer/msbuild/2003">
  <ItemGroup>
    <Filter Include="Source Files">
      <UniqueIdentifier>{4FC737F1-C7A5-4376-A066-2A32D752A2FF}</UniqueIdentifier>
      <Extensions>cpp;c;cc;cxx;def;odl;idl;hpj;bat;asm;asmx</Extensions>
    </Filter>
    <Filter Include="Source Files\zlib">
      <UniqueIdentifier>{a4065814-77d8-4ce4-95de-08859e0bb785}</UniqueIdentifier>
    </Filter>
    <Filter Include="Source Files\tinyxml">
      <UniqueIdentifier>{582bc43d-8509-4b82-b204-2b27d16b841f}</UniqueIdentifier>
    </Filter>
    <Filter Include="Source Files\grinliz">
      <UniqueIdentifier>{bc8292dc-e7d8-4f6d-81c4-cdb2689626eb}</UniqueIdentifier>
    </Filter>
  </ItemGroup>
  <ItemGroup>
    <None Include="ReadMe.txt" />
    <None Include="..\grinliz\sources.mk">
      <Filter>Source Files\grinliz</Filter>
    </None>
  </ItemGroup>
  <ItemGroup>
    <ClCompile Include="..\zlib\adler32.c">
      <Filter>Source Files\zlib</Filter>
    </ClCompile>
    <ClCompile Include="..\zlib\compress.c">
      <Filter>Source Files\zlib</Filter>
    </ClCompile>
    <ClCompile Include="..\zlib\crc32.c">
      <Filter>Source Files\zlib</Filter>
    </ClCompile>
    <ClCompile Include="..\zlib\deflate.c">
      <Filter>Source Files\zlib</Filter>
    </ClCompile>
    <ClCompile Include="..\zlib\gzio.c">
      <Filter>Source Files\zlib</Filter>
    </ClCompile>
    <ClCompile Include="..\zlib\infback.c">
      <Filter>Source Files\zlib</Filter>
    </ClCompile>
    <ClCompile Include="..\zlib\inffast.c">
      <Filter>Source Files\zlib</Filter>
    </ClCompile>
    <ClCompile Include="..\zlib\inflate.c">
      <Filter>Source Files\zlib</Filter>
    </ClCompile>
    <ClCompile Include="..\zlib\inftrees.c">
      <Filter>Source Files\zlib</Filter>
    </ClCompile>
    <ClCompile Include="..\zlib\trees.c">
      <Filter>Source Files\zlib</Filter>
    </ClCompile>
    <ClCompile Include="..\zlib\uncompr.c">
      <Filter>Source Files\zlib</Filter>
    </ClCompile>
    <ClCompile Include="..\zlib\zutil.c">
      <Filter>Source Files\zlib</Filter>
    </ClCompile>
    <ClCompile Include="..\tinyxml\tinystr.cpp">
      <Filter>Source Files\tinyxml</Filter>
    </ClCompile>
    <ClCompile Include="..\tinyxml\tinyxml.cpp">
      <Filter>Source Files\tinyxml</Filter>
    </ClCompile>
    <ClCompile Include="..\tinyxml\tinyxmlerror.cpp">
      <Filter>Source Files\tinyxml</Filter>
    </ClCompile>
    <ClCompile Include="..\tinyxml\tinyxmlparser.cpp">
      <Filter>Source Files\tinyxml</Filter>
    </ClCompile>
    <ClCompile Include="..\grinliz\glcontainer.cpp">
      <Filter>Source Files\grinliz</Filter>
    </ClCompile>
    <ClCompile Include="..\grinliz\gldebug.cpp">
      <Filter>Source Files\grinliz</Filter>
    </ClCompile>
    <ClCompile Include="..\grinliz\gldynamic.cpp">
      <Filter>Source Files\grinliz</Filter>
    </ClCompile>
    <ClCompile Include="..\grinliz\glfixed.cpp">
      <Filter>Source Files\grinliz</Filter>
    </ClCompile>
    <ClCompile Include="..\grinliz\glgeometry.cpp">
      <Filter>Source Files\grinliz</Filter>
    </ClCompile>
    <ClCompile Include="..\grinliz\glmatrix.cpp">
      <Filter>Source Files\grinliz</Filter>
    </ClCompile>
    <ClCompile Include="..\grinliz\glmemorypool.cpp">
      <Filter>Source Files\grinliz</Filter>
    </ClCompile>
    <ClCompile Include="..\grinliz\glperformance.cpp">
      <Filter>Source Files\grinliz</Filter>
    </ClCompile>
    <ClCompile Include="..\grinliz\glprime.cpp">
      <Filter>Source Files\grinliz</Filter>
    </ClCompile>
    <ClCompile Include="..\grinliz\glrandom.cpp">
      <Filter>Source Files\grinliz</Filter>
    </ClCompile>
    <ClCompile Include="..\grinliz\glstringutil.cpp">
      <Filter>Source Files\grinliz</Filter>
    </ClCompile>
    <ClCompile Include="..\grinliz\glutil.cpp">
      <Filter>Source Files\grinliz</Filter>
    </ClCompile>
    <ClCompile Include="..\grinliz\glvector.cpp">
      <Filter>Source Files\grinliz</Filter>
    </ClCompile>
  </ItemGroup>
  <ItemGroup>
    <ClInclude Include="..\zlib\crc32.h">
      <Filter>Source Files\zlib</Filter>
    </ClInclude>
    <ClInclude Include="..\zlib\deflate.h">
      <Filter>Source Files\zlib</Filter>
    </ClInclude>
    <ClInclude Include="..\zlib\inffast.h">
      <Filter>Source Files\zlib</Filter>
    </ClInclude>
    <ClInclude Include="..\zlib\inffixed.h">
      <Filter>Source Files\zlib</Filter>
    </ClInclude>
    <ClInclude Include="..\zlib\inflate.h">
      <Filter>Source Files\zlib</Filter>
    </ClInclude>
    <ClInclude Include="..\zlib\inftrees.h">
      <Filter>Source Files\zlib</Filter>
    </ClInclude>
    <ClInclude Include="..\zlib\trees.h">
      <Filter>Source Files\zlib</Filter>
    </ClInclude>
    <ClInclude Include="..\zlib\zconf.h">
      <Filter>Source Files\zlib</Filter>
    </ClInclude>
    <ClInclude Include="..\zlib\zconf.in.h">
      <Filter>Source Files\zlib</Filter>
    </ClInclude>
    <ClInclude Include="..\zlib\zlib.h">
      <Filter>Source Files\zlib</Filter>
    </ClInclude>
    <ClInclude Include="..\zlib\zutil.h">
      <Filter>Source Files\zlib</Filter>
    </ClInclude>
    <ClInclude Include="..\tinyxml\tinystr.h">
      <Filter>Source Files\tinyxml</Filter>
    </ClInclude>
    <ClInclude Include="..\tinyxml\tinyxml.h">
      <Filter>Source Files\tinyxml</Filter>
    </ClInclude>
    <ClInclude Include="..\grinliz\glbitarray.h">
      <Filter>Source Files\grinliz</Filter>
    </ClInclude>
    <ClInclude Include="..\grinliz\glcolor.h">
      <Filter>Source Files\grinliz</Filter>
    </ClInclude>
    <ClInclude Include="..\grinliz\glcontainer.h">
      <Filter>Source Files\grinliz</Filter>
    </ClInclude>
    <ClInclude Include="..\grinliz\gldebug.h">
      <Filter>Source Files\grinliz</Filter>
    </ClInclude>
    <ClInclude Include="..\grinliz\gldynamic.h">
      <Filter>Source Files\grinliz</Filter>
    </ClInclude>
    <ClInclude Include="..\grinliz\glfixed.h">
      <Filter>Source Files\grinliz</Filter>
    </ClInclude>
    <ClInclude Include="..\grinliz\glgeometry.h">
      <Filter>Source Files\grinliz</Filter>
    </ClInclude>
    <ClInclude Include="..\grinliz\glinnercircle.h">
      <Filter>Source Files\grinliz</Filter>
    </ClInclude>
    <ClInclude Include="..\grinliz\glmath.h">
      <Filter>Source Files\grinliz</Filter>
    </ClInclude>
    <ClInclude Include="..\grinliz\glmatrix.h">
      <Filter>Source Files\grinliz</Filter>
    </ClInclude>
    <ClInclude Include="..\grinliz\glmemorypool.h">
      <Filter>Source Files\grinliz</Filter>
    </ClInclude>
    <ClInclude Include="..\grinliz\glperformance.h">
      <Filter>Source Files\grinliz</Filter>
    </ClInclude>
    <ClInclude Include="..\grinliz\glprime.h">
      <Filter>Source Files\grinliz</Filter>
    </ClInclude>
    <ClInclude Include="..\grinliz\glpublisher.h">
      <Filter>Source Files\grinliz</Filter>
    </ClInclude>
    <ClInclude Include="..\grinliz\glrandom.h">
      <Filter>Source Files\grinliz</Filter>
    </ClInclude>
    <ClInclude Include="..\grinliz\glrectangle.h">
      <Filter>Source Files\grinliz</Filter>
    </ClInclude>
    <ClInclude Include="..\grinliz\glstringutil.h">
      <Filter>Source Files\grinliz</Filter>
    </ClInclude>
    <ClInclude Include="..\grinliz\gltypes.h">
      <Filter>Source Files\grinliz</Filter>
    </ClInclude>
    <ClInclude Include="..\grinliz\glutil.h">
      <Filter>Source Files\grinliz</Filter>
    </ClInclude>
    <ClInclude Include="..\grinliz\glvector.h">
      <Filter>Source Files\grinliz</Filter>
    </ClInclude>
  </ItemGroup>
</Project>