
Microsoft Visual Studio Solution File, Format Version 11.00
# Visual C++ Express 2010
Project("{8BC9CEB8-8B4A-11D0-8D11-00A0C91BC942}") = "lumos", "lumos.vcxproj", "{3546E8AC-901F-4611-8C20-0BF16609F212}"
	ProjectSection(ProjectDependencies) = postProject
		{28433181-007B-4BF5-AECC-CC52F97E69A1} = {28433181-007B-4BF5-AECC-CC52F97E69A1}
	EndProjectSection
EndProject
Project("{8BC9CEB8-8B4A-11D0-8D11-00A0C91BC942}") = "builder", "..\builder\builder.vcxproj", "{D4967C2E-E183-4379-91ED-911DBF72DDF9}"
	ProjectSection(ProjectDependencies) = postProject
		{28433181-007B-4BF5-AECC-CC52F97E69A1} = {28433181-007B-4BF5-AECC-CC52F97E69A1}
	EndProjectSection
EndProject
Project("{8BC9CEB8-8B4A-11D0-8D11-00A0C91BC942}") = "winlib", "..\winlib\winlib.vcxproj", "{28433181-007B-4BF5-AECC-CC52F97E69A1}"
EndProject
Project("{8BC9CEB8-8B4A-11D0-8D11-00A0C91BC942}") = "worldgen", "..\worldgen\worldgen.vcxproj", "{8EBF0A5E-0348-420E-B2D6-774BEC22DC09}"
	ProjectSection(ProjectDependencies) = postProject
		{28433181-007B-4BF5-AECC-CC52F97E69A1} = {28433181-007B-4BF5-AECC-CC52F97E69A1}
	EndProjectSection
EndProject
Project("{8BC9CEB8-8B4A-11D0-8D11-00A0C91BC942}") = "rockgen", "..\rockgen\rockgen.vcxproj", "{2A4D7045-767C-457C-B928-900363E044BC}"
EndProject
Project("{8BC9CEB8-8B4A-11D0-8D11-00A0C91BC942}") = "gamedbreader", "..\gamedbreader\gamedbreader.vcxproj", "{E13553B1-0CA5-4AEE-A676-86709D7EFD80}"
EndProject
Project("{8BC9CEB8-8B4A-11D0-8D11-00A0C91BC942}") = "xarchive", "..\xarchive\xarchive.vcxproj", "{7E47E43E-1E05-4987-9A3D-349F0003E7CB}"
EndProject
Project("{8BC9CEB8-8B4A-11D0-8D11-00A0C91BC942}") = "converter", "..\converter\converter.vcxproj", "{9A416106-FFC7-4B8A-8C67-C32EB8CC213B}"
EndProject
Project("{8BC9CEB8-8B4A-11D0-8D11-00A0C91BC942}") = "markov", "..\markov\markov.vcxproj", "{5DF4805A-3801-4949-B4ED-8483B5A77339}"
EndProject
Global
	GlobalSection(SolutionConfigurationPlatforms) = preSolution
		Debug|Win32 = Debug|Win32
		Release|Win32 = Release|Win32
	EndGlobalSection
	GlobalSection(ProjectConfigurationPlatforms) = postSolution
		{3546E8AC-901F-4611-8C20-0BF16609F212}.Debug|Win32.ActiveCfg = Debug|Win32
		{3546E8AC-901F-4611-8C20-0BF16609F212}.Debug|Win32.Build.0 = Debug|Win32
		{3546E8AC-901F-4611-8C20-0BF16609F212}.Release|Win32.ActiveCfg = Release|Win32
		{3546E8AC-901F-4611-8C20-0BF16609F212}.Release|Win32.Build.0 = Release|Win32
		{D4967C2E-E183-4379-91ED-911DBF72DDF9}.Debug|Win32.ActiveCfg = Debug|Win32
		{D4967C2E-E183-4379-91ED-911DBF72DDF9}.Debug|Win32.Build.0 = Debug|Win32
		{D4967C2E-E183-4379-91ED-911DBF72DDF9}.Release|Win32.ActiveCfg = Release|Win32
		{D4967C2E-E183-4379-91ED-911DBF72DDF9}.Release|Win32.Build.0 = Release|Win32
		{28433181-007B-4BF5-AECC-CC52F97E69A1}.Debug|Win32.ActiveCfg = Debug|Win32
		{28433181-007B-4BF5-AECC-CC52F97E69A1}.Debug|Win32.Build.0 = Debug|Win32
		{28433181-007B-4BF5-AECC-CC52F97E69A1}.Release|Win32.ActiveCfg = Release|Win32
		{28433181-007B-4BF5-AECC-CC52F97E69A1}.Release|Win32.Build.0 = Release|Win32
		{8EBF0A5E-0348-420E-B2D6-774BEC22DC09}.Debug|Win32.ActiveCfg = Debug|Win32
		{8EBF0A5E-0348-420E-B2D6-774BEC22DC09}.Debug|Win32.Build.0 = Debug|Win32
		{8EBF0A5E-0348-420E-B2D6-774BEC22DC09}.Release|Win32.ActiveCfg = Release|Win32
		{8EBF0A5E-0348-420E-B2D6-774BEC22DC09}.Release|Win32.Build.0 = Release|Win32
		{2A4D7045-767C-457C-B928-900363E044BC}.Debug|Win32.ActiveCfg = Debug|Win32
		{2A4D7045-767C-457C-B928-900363E044BC}.Debug|Win32.Build.0 = Debug|Win32
		{2A4D7045-767C-457C-B928-900363E044BC}.Release|Win32.ActiveCfg = Release|Win32
		{2A4D7045-767C-457C-B928-900363E044BC}.Release|Win32.Build.0 = Release|Win32
		{E13553B1-0CA5-4AEE-A676-86709D7EFD80}.Debug|Win32.ActiveCfg = Debug|Win32
		{E13553B1-0CA5-4AEE-A676-86709D7EFD80}.Debug|Win32.Build.0 = Debug|Win32
		{E13553B1-0CA5-4AEE-A676-86709D7EFD80}.Release|Win32.ActiveCfg = Release|Win32
		{E13553B1-0CA5-4AEE-A676-86709D7EFD80}.Release|Win32.Build.0 = Release|Win32
		{7E47E43E-1E05-4987-9A3D-349F0003E7CB}.Debug|Win32.ActiveCfg = Debug|Win32
		{7E47E43E-1E05-4987-9A3D-349F0003E7CB}.Debug|Win32.Build.0 = Debug|Win32
		{7E47E43E-1E05-4987-9A3D-349F0003E7CB}.Release|Win32.ActiveCfg = Release|Win32
		{7E47E43E-1E05-4987-9A3D-349F0003E7CB}.Release|Win32.Build.0 = Release|Win32
		{9A416106-FFC7-4B8A-8C67-C32EB8CC213B}.Debug|Win32.ActiveCfg = Debug|Win32
		{9A416106-FFC7-4B8A-8C67-C32EB8CC213B}.Debug|Win32.Build.0 = Debug|Win32
		{9A416106-FFC7-4B8A-8C67-C32EB8CC213B}.Release|Win32.ActiveCfg = Release|Win32
		{9A416106-FFC7-4B8A-8C67-C32EB8CC213B}.Release|Win32.Build.0 = Release|Win32
		{5DF4805A-3801-4949-B4ED-8483B5A77339}.Debug|Win32.ActiveCfg = Debug|Win32
		{5DF4805A-3801-4949-B4ED-8483B5A77339}.Debug|Win32.Build.0 = Debug|Win32
		{5DF4805A-3801-4949-B4ED-8483B5A77339}.Release|Win32.ActiveCfg = Release|Win32
		{5DF4805A-3801-4949-B4ED-8483B5A77339}.Release|Win32.Build.0 = Release|Win32
	EndGlobalSection
	GlobalSection(SolutionProperties) = preSolution
		HideSolutionNode = FALSE
	EndGlobalSection
EndGlobal
