<?xml version="1.0" encoding="utf-8"?>
<Project ToolsVersion="4.0" xmlns="http://schemas.microsoft.com/developer/msbuild/2003">
  <ItemGroup>
    <Filter Include="Source Files">
      <UniqueIdentifier>{4FC737F1-C7A5-4376-A066-2A32D752A2FF}</UniqueIdentifier>
      <Extensions>cpp;c;cc;cxx;def;odl;idl;hpj;bat;asm;asmx</Extensions>
    </Filter>
    <Filter Include="Source Files\engine">
      <UniqueIdentifier>{01f49b9e-27b2-416c-8dcf-6b274c158ff4}</UniqueIdentifier>
    </Filter>
    <Filter Include="Source Files\gamui">
      <UniqueIdentifier>{324634ed-241a-4f10-9440-fc2ffb081853}</UniqueIdentifier>
    </Filter>
    <Filter Include="Source Files\micropather">
      <UniqueIdentifier>{4f208592-73d6-48ea-997d-05b072ee6d8d}</UniqueIdentifier>
    </Filter>
    <Filter Include="Source Files\shared">
      <UniqueIdentifier>{1148b9be-c8b8-4172-a37e-dbbc9d316802}</UniqueIdentifier>
    </Filter>
    <Filter Include="Source Files\win32">
      <UniqueIdentifier>{25d1e444-beb5-41f7-bd0e-a53c85c59213}</UniqueIdentifier>
    </Filter>
    <Filter Include="Source Files\xegame">
      <UniqueIdentifier>{42eb0f34-2990-45ef-9215-7ef6456a9169}</UniqueIdentifier>
    </Filter>
    <Filter Include="Source Files\game">
      <UniqueIdentifier>{8567be50-d4cd-4cdc-b6c3-cab9c3757a11}</UniqueIdentifier>
    </Filter>
    <Filter Include="Source Files\scenes">
      <UniqueIdentifier>{9c76746e-04f0-4a23-b0d7-3bf308958b3d}</UniqueIdentifier>
    </Filter>
  </ItemGroup>
  <ItemGroup>
    <ClCompile Include="..\engine\camera.cpp">
      <Filter>Source Files\engine</Filter>
    </ClCompile>
    <ClCompile Include="..\engine\engine.cpp">
      <Filter>Source Files\engine</Filter>
    </ClCompile>
    <ClCompile Include="..\engine\fixedgeom.cpp">
      <Filter>Source Files\engine</Filter>
    </ClCompile>
    <ClCompile Include="..\engine\gpustatemanager.cpp">
      <Filter>Source Files\engine</Filter>
    </ClCompile>
    <ClCompile Include="..\engine\loosequadtree.cpp">
      <Filter>Source Files\engine</Filter>
    </ClCompile>
    <ClCompile Include="..\engine\map.cpp">
      <Filter>Source Files\engine</Filter>
    </ClCompile>
    <ClCompile Include="..\engine\model.cpp">
      <Filter>Source Files\engine</Filter>
    </ClCompile>
    <ClCompile Include="..\engine\particle.cpp">
      <Filter>Source Files\engine</Filter>
    </ClCompile>
    <ClCompile Include="..\engine\renderqueue.cpp">
      <Filter>Source Files\engine</Filter>
    </ClCompile>
    <ClCompile Include="..\engine\screenport.cpp">
      <Filter>Source Files\engine</Filter>
    </ClCompile>
    <ClCompile Include="..\engine\serialize.cpp">
      <Filter>Source Files\engine</Filter>
    </ClCompile>
    <ClCompile Include="..\engine\settings.cpp">
      <Filter>Source Files\engine</Filter>
    </ClCompile>
    <ClCompile Include="..\engine\surface.cpp">
      <Filter>Source Files\engine</Filter>
    </ClCompile>
    <ClCompile Include="..\engine\text.cpp">
      <Filter>Source Files\engine</Filter>
    </ClCompile>
    <ClCompile Include="..\engine\texture.cpp">
      <Filter>Source Files\engine</Filter>
    </ClCompile>
    <ClCompile Include="..\engine\tga.cpp">
      <Filter>Source Files\engine</Filter>
    </ClCompile>
    <ClCompile Include="..\engine\ufoutil.cpp">
      <Filter>Source Files\engine</Filter>
    </ClCompile>
    <ClCompile Include="..\engine\uirendering.cpp">
      <Filter>Source Files\engine</Filter>
    </ClCompile>
    <ClCompile Include="..\xegame\cgame.cpp">
      <Filter>Source Files\xegame</Filter>
    </ClCompile>
    <ClCompile Include="..\xegame\game.cpp">
      <Filter>Source Files\xegame</Filter>
    </ClCompile>
    <ClCompile Include="..\xegame\scene.cpp">
      <Filter>Source Files\xegame</Filter>
    </ClCompile>
    <ClCompile Include="..\xegame\ufosound.cpp">
      <Filter>Source Files\xegame</Filter>
    </ClCompile>
    <ClCompile Include="..\gamui\gamui.cpp">
      <Filter>Source Files\gamui</Filter>
    </ClCompile>
    <ClCompile Include="..\game\lumosgame.cpp">
      <Filter>Source Files\game</Filter>
    </ClCompile>
    <ClCompile Include="..\shared\gamedbreader.cpp">
      <Filter>Source Files\shared</Filter>
    </ClCompile>
    <ClCompile Include="..\shared\glmap.cpp">
      <Filter>Source Files\shared</Filter>
    </ClCompile>
    <ClCompile Include="..\win32\audio.cpp">
      <Filter>Source Files\win32</Filter>
    </ClCompile>
    <ClCompile Include="..\win32\framebuffer.cpp">
      <Filter>Source Files\win32</Filter>
    </ClCompile>
    <ClCompile Include="..\win32\glew.c">
      <Filter>Source Files\win32</Filter>
    </ClCompile>
    <ClCompile Include="..\win32\main.cpp">
      <Filter>Source Files\win32</Filter>
    </ClCompile>
    <ClCompile Include="..\micropather\micropather.cpp">
      <Filter>Source Files\micropather</Filter>
    </ClCompile>
    <ClCompile Include="..\engine\shadermanager.cpp">
      <Filter>Source Files\engine</Filter>
    </ClCompile>
    <ClCompile Include="..\scenes\titlescene.cpp">
      <Filter>Source Files\scenes</Filter>
    </ClCompile>
    <ClCompile Include="..\scenes\dialogscene.cpp">
      <Filter>Source Files\scenes</Filter>
    </ClCompile>
    <ClCompile Include="..\scenes\rendertestscene.cpp">
      <Filter>Source Files\scenes</Filter>
    </ClCompile>
    <ClCompile Include="..\xegame\testmap.cpp">
      <Filter>Source Files\xegame</Filter>
    </ClCompile>
    <ClCompile Include="..\scenes\particlescene.cpp">
      <Filter>Source Files\scenes</Filter>
    </ClCompile>
    <ClCompile Include="..\engine\lighting.cpp">
      <Filter>Source Files\engine</Filter>
    </ClCompile>
    <ClCompile Include="..\engine\rendertarget.cpp">
      <Filter>Source Files\engine</Filter>
    </ClCompile>
    <ClCompile Include="..\scenes\navtestscene.cpp">
      <Filter>Source Files\scenes</Filter>
    </ClCompile>
    <ClCompile Include="..\game\worldmap.cpp">
      <Filter>Source Files\game</Filter>
    </ClCompile>
    <ClCompile Include="..\xegame\chit.cpp">
      <Filter>Source Files\xegame</Filter>
    </ClCompile>
    <ClCompile Include="..\xegame\chitbag.cpp">
      <Filter>Source Files\xegame</Filter>
    </ClCompile>
    <ClCompile Include="..\xegame\rendercomponent.cpp">
      <Filter>Source Files\xegame</Filter>
    </ClCompile>
    <ClCompile Include="..\xegame\component.cpp">
      <Filter>Source Files\xegame</Filter>
    </ClCompile>
    <ClCompile Include="..\game\pathmovecomponent.cpp">
      <Filter>Source Files\game</Filter>
    </ClCompile>
    <ClCompile Include="..\scenes\noisetestscene.cpp">
      <Filter>Source Files\scenes</Filter>
    </ClCompile>
    <ClCompile Include="..\game\debugpathcomponent.cpp">
      <Filter>Source Files\game</Filter>
    </ClCompile>
  </ItemGroup>
  <ItemGroup>
    <ClInclude Include="..\engine\camera.h">
      <Filter>Source Files\engine</Filter>
    </ClInclude>
    <ClInclude Include="..\engine\engine.h">
      <Filter>Source Files\engine</Filter>
    </ClInclude>
    <ClInclude Include="..\engine\enginelimits.h">
      <Filter>Source Files\engine</Filter>
    </ClInclude>
    <ClInclude Include="..\engine\fixedgeom.h">
      <Filter>Source Files\engine</Filter>
    </ClInclude>
    <ClInclude Include="..\engine\gpustatemanager.h">
      <Filter>Source Files\engine</Filter>
    </ClInclude>
    <ClInclude Include="..\engine\loosequadtree.h">
      <Filter>Source Files\engine</Filter>
    </ClInclude>
    <ClInclude Include="..\engine\map.h">
      <Filter>Source Files\engine</Filter>
    </ClInclude>
    <ClInclude Include="..\engine\model.h">
      <Filter>Source Files\engine</Filter>
    </ClInclude>
    <ClInclude Include="..\engine\particle.h">
      <Filter>Source Files\engine</Filter>
    </ClInclude>
    <ClInclude Include="..\engine\platformgl.h">
      <Filter>Source Files\engine</Filter>
    </ClInclude>
    <ClInclude Include="..\engine\renderqueue.h">
      <Filter>Source Files\engine</Filter>
    </ClInclude>
    <ClInclude Include="..\engine\screenport.h">
      <Filter>Source Files\engine</Filter>
    </ClInclude>
    <ClInclude Include="..\engine\serialize.h">
      <Filter>Source Files\engine</Filter>
    </ClInclude>
    <ClInclude Include="..\engine\settings.h">
      <Filter>Source Files\engine</Filter>
    </ClInclude>
    <ClInclude Include="..\engine\surface.h">
      <Filter>Source Files\engine</Filter>
    </ClInclude>
    <ClInclude Include="..\engine\text.h">
      <Filter>Source Files\engine</Filter>
    </ClInclude>
    <ClInclude Include="..\engine\texture.h">
      <Filter>Source Files\engine</Filter>
    </ClInclude>
    <ClInclude Include="..\engine\tga.h">
      <Filter>Source Files\engine</Filter>
    </ClInclude>
    <ClInclude Include="..\engine\ufoutil.h">
      <Filter>Source Files\engine</Filter>
    </ClInclude>
    <ClInclude Include="..\engine\uirendering.h">
      <Filter>Source Files\engine</Filter>
    </ClInclude>
    <ClInclude Include="..\engine\vertex.h">
      <Filter>Source Files\engine</Filter>
    </ClInclude>
    <ClInclude Include="..\xegame\cgame.h">
      <Filter>Source Files\xegame</Filter>
    </ClInclude>
    <ClInclude Include="..\xegame\game.h">
      <Filter>Source Files\xegame</Filter>
    </ClInclude>
    <ClInclude Include="..\xegame\scene.h">
      <Filter>Source Files\xegame</Filter>
    </ClInclude>
    <ClInclude Include="..\xegame\ufosound.h">
      <Filter>Source Files\xegame</Filter>
    </ClInclude>
    <ClInclude Include="..\gamui\gamui.h">
      <Filter>Source Files\gamui</Filter>
    </ClInclude>
    <ClInclude Include="..\game\lumosgame.h">
      <Filter>Source Files\game</Filter>
    </ClInclude>
    <ClInclude Include="..\shared\gamedb.h">
      <Filter>Source Files\shared</Filter>
    </ClInclude>
    <ClInclude Include="..\shared\gamedbreader.h">
      <Filter>Source Files\shared</Filter>
    </ClInclude>
    <ClInclude Include="..\shared\glmap.h">
      <Filter>Source Files\shared</Filter>
    </ClInclude>
    <ClInclude Include="..\win32\audio.h">
      <Filter>Source Files\win32</Filter>
    </ClInclude>
    <ClInclude Include="..\win32\framebuffer.h">
      <Filter>Source Files\win32</Filter>
    </ClInclude>
    <ClInclude Include="..\win32\glew.h">
      <Filter>Source Files\win32</Filter>
    </ClInclude>
    <ClInclude Include="..\win32\wglew.h">
      <Filter>Source Files\win32</Filter>
    </ClInclude>
    <ClInclude Include="..\micropather\micropather.h">
      <Filter>Source Files\micropather</Filter>
    </ClInclude>
    <ClInclude Include="..\engine\shadermanager.h">
      <Filter>Source Files\engine</Filter>
    </ClInclude>
    <ClInclude Include="..\scenes\titlescene.h">
      <Filter>Source Files\scenes</Filter>
    </ClInclude>
    <ClInclude Include="..\scenes\dialogscene.h">
      <Filter>Source Files\scenes</Filter>
    </ClInclude>
    <ClInclude Include="..\scenes\rendertestscene.h">
      <Filter>Source Files\scenes</Filter>
    </ClInclude>
    <ClInclude Include="..\xegame\testmap.h">
      <Filter>Source Files\xegame</Filter>
    </ClInclude>
    <ClInclude Include="..\scenes\particlescene.h">
      <Filter>Source Files\scenes</Filter>
    </ClInclude>
    <ClInclude Include="..\engine\lighting.h">
      <Filter>Source Files\engine</Filter>
    </ClInclude>
    <ClInclude Include="..\engine\rendertarget.h">
      <Filter>Source Files\engine</Filter>
    </ClInclude>
    <ClInclude Include="..\scenes\navtestscene.h">
      <Filter>Source Files\scenes</Filter>
    </ClInclude>
    <ClInclude Include="..\game\worldmap.h">
      <Filter>Source Files\game</Filter>
    </ClInclude>
    <ClInclude Include="..\xegame\chit.h">
      <Filter>Source Files\xegame</Filter>
    </ClInclude>
    <ClInclude Include="..\xegame\component.h">
      <Filter>Source Files\xegame</Filter>
    </ClInclude>
    <ClInclude Include="..\xegame\spatialcomponent.h">
      <Filter>Source Files\xegame</Filter>
    </ClInclude>
    <ClInclude Include="..\xegame\rendercomponent.h">
      <Filter>Source Files\xegame</Filter>
    </ClInclude>
    <ClInclude Include="..\xegame\chitbag.h">
      <Filter>Source Files\xegame</Filter>
    </ClInclude>
    <ClInclude Include="..\game\gamelimits.h">
      <Filter>Source Files\game</Filter>
    </ClInclude>
    <ClInclude Include="..\game\pathmovecomponent.h">
      <Filter>Source Files\game</Filter>
    </ClInclude>
    <ClInclude Include="..\scenes\noisetestscene.h">
      <Filter>Source Files\scenes</Filter>
    </ClInclude>
    <ClInclude Include="..\game\debugpathcomponent.h">
      <Filter>Source Files\game</Filter>
    </ClInclude>
  </ItemGroup>
  <ItemGroup>
    <None Include="..\engine\sources.mk">
      <Filter>Source Files\engine</Filter>
    </None>
    <None Include="..\particles.xml">
      <Filter>Source Files\game</Filter>
    </None>
  </ItemGroup>
</Project>