
Microsoft Visual Studio Solution File, Format Version 12.00
# Visual Studio Express 2013 for Windows Desktop
VisualStudioVersion = 12.0.31101.0
MinimumVisualStudioVersion = 10.0.40219.1
Project("{8BC9CEB8-8B4A-11D0-8D11-00A0C91BC942}") = "lumos", "lumos.vcxproj", "{3546E8AC-901F-4611-8C20-0BF16609F212}"
	ProjectSection(ProjectDependencies) = postProject
		{28433181-007B-4BF5-AECC-CC52F97E69A1} = {28433181-007B-4BF5-AECC-CC52F97E69A1}
	EndProjectSection
EndProject
Project("{8BC9CEB8-8B4A-11D0-8D11-00A0C91BC942}") = "builder", "..\builder\builder.vcxproj", "{D4967C2E-E183-4379-91ED-911DBF72DDF9}"
	ProjectSection(ProjectDependencies) = postProject
		{28433181-007B-4BF5-AECC-CC52F97E69A1} = {28433181-007B-4BF5-AECC-CC52F97E69A1}
	EndProjectSection
EndProject
Project("{8BC9CEB8-8B4A-11D0-8D11-00A0C91BC942}") = "winlib", "..\winlib\winlib.vcxproj", "{28433181-007B-4BF5-AECC-CC52F97E69A1}"
EndProject
Project("{8BC9CEB8-8B4A-11D0-8D11-00A0C91BC942}") = "worldgen", "..\worldgen\worldgen.vcxproj", "{8EBF0A5E-0348-420E-B2D6-774BEC22DC09}"
	ProjectSection(ProjectDependencies) = postProject
		{28433181-007B-4BF5-AECC-CC52F97E69A1} = {28433181-007B-4BF5-AECC-CC52F97E69A1}
	EndProjectSection
EndProject
Project("{8BC9CEB8-8B4A-11D0-8D11-00A0C91BC942}") = "rockgen", "..\rockgen\rockgen.vcxproj", "{2A4D7045-767C-457C-B928-900363E044BC}"
EndProject
Project("{8BC9CEB8-8B4A-11D0-8D11-00A0C91BC942}") = "gamedbreader", "..\gamedbreader\gamedbreader.vcxproj", "{E13553B1-0CA5-4AEE-A676-86709D7EFD80}"
EndProject
Project("{8BC9CEB8-8B4A-11D0-8D11-00A0C91BC942}") = "xarchive", "..\xarchive\xarchive.vcxproj", "{7E47E43E-1E05-4987-9A3D-349F0003E7CB}"
EndProject
Project("{8BC9CEB8-8B4A-11D0-8D11-00A0C91BC942}") = "markov", "..\markov\markov.vcxproj", "{5DF4805A-3801-4949-B4ED-8483B5A77339}"
EndProject
Project("{8BC9CEB8-8B4A-11D0-8D11-00A0C91BC942}") = "gamui", "..\gamui\gamui.vcxproj", "{A734A817-DAC6-48BE-99B2-F3D27B576C33}"
	ProjectSection(ProjectDependencies) = postProject
		{78B079BD-9FC7-4B9E-B4A6-96DA0F00248B} = {78B079BD-9FC7-4B9E-B4A6-96DA0F00248B}
	EndProjectSection
EndProject
Project("{8BC9CEB8-8B4A-11D0-8D11-00A0C91BC942}") = "freetype", "..\freetype\builds\windows\vc2010\freetype.vcxproj", "{78B079BD-9FC7-4B9E-B4A6-96DA0F00248B}"
EndProject
Project("{8BC9CEB8-8B4A-11D0-8D11-00A0C91BC942}") = "testbed", "..\testbed\testbed.vcxproj", "{A95145B2-1142-481A-8485-156F9D9BB597}"
	ProjectSection(ProjectDependencies) = postProject
		{28433181-007B-4BF5-AECC-CC52F97E69A1} = {28433181-007B-4BF5-AECC-CC52F97E69A1}
	EndProjectSection
EndProject
Global
	GlobalSection(SolutionConfigurationPlatforms) = preSolution
		Debug Multithreaded|Any CPU = Debug Multithreaded|Any CPU
		Debug Multithreaded|Mixed Platforms = Debug Multithreaded|Mixed Platforms
		Debug Multithreaded|Win32 = Debug Multithreaded|Win32
		Debug Multithreaded|x64 = Debug Multithreaded|x64
		Debug Singlethreaded|Any CPU = Debug Singlethreaded|Any CPU
		Debug Singlethreaded|Mixed Platforms = Debug Singlethreaded|Mixed Platforms
		Debug Singlethreaded|Win32 = Debug Singlethreaded|Win32
		Debug Singlethreaded|x64 = Debug Singlethreaded|x64
		Debug|Any CPU = Debug|Any CPU
		Debug|Mixed Platforms = Debug|Mixed Platforms
		Debug|Win32 = Debug|Win32
		Debug|x64 = Debug|x64
		Release Multithreaded|Any CPU = Release Multithreaded|Any CPU
		Release Multithreaded|Mixed Platforms = Release Multithreaded|Mixed Platforms
		Release Multithreaded|Win32 = Release Multithreaded|Win32
		Release Multithreaded|x64 = Release Multithreaded|x64
		Release Singlethreaded|Any CPU = Release Singlethreaded|Any CPU
		Release Singlethreaded|Mixed Platforms = Release Singlethreaded|Mixed Platforms
		Release Singlethreaded|Win32 = Release Singlethreaded|Win32
		Release Singlethreaded|x64 = Release Singlethreaded|x64
		Release|Any CPU = Release|Any CPU
		Release|Mixed Platforms = Release|Mixed Platforms
		Release|Win32 = Release|Win32
		Release|x64 = Release|x64
	EndGlobalSection
	GlobalSection(ProjectConfigurationPlatforms) = postSolution
		{3546E8AC-901F-4611-8C20-0BF16609F212}.Debug Multithreaded|Any CPU.ActiveCfg = Debug|Win32
		{3546E8AC-901F-4611-8C20-0BF16609F212}.Debug Multithreaded|Mixed Platforms.ActiveCfg = Debug|Win32
		{3546E8AC-901F-4611-8C20-0BF16609F212}.Debug Multithreaded|Mixed Platforms.Build.0 = Debug|Win32
		{3546E8AC-901F-4611-8C20-0BF16609F212}.Debug Multithreaded|Win32.ActiveCfg = Debug|Win32
		{3546E8AC-901F-4611-8C20-0BF16609F212}.Debug Multithreaded|Win32.Build.0 = Debug|Win32
		{3546E8AC-901F-4611-8C20-0BF16609F212}.Debug Multithreaded|x64.ActiveCfg = Debug|Win32
		{3546E8AC-901F-4611-8C20-0BF16609F212}.Debug Singlethreaded|Any CPU.ActiveCfg = Debug|Win32
		{3546E8AC-901F-4611-8C20-0BF16609F212}.Debug Singlethreaded|Mixed Platforms.ActiveCfg = Debug|Win32
		{3546E8AC-901F-4611-8C20-0BF16609F212}.Debug Singlethreaded|Mixed Platforms.Build.0 = Debug|Win32
		{3546E8AC-901F-4611-8C20-0BF16609F212}.Debug Singlethreaded|Win32.ActiveCfg = Debug|Win32
		{3546E8AC-901F-4611-8C20-0BF16609F212}.Debug Singlethreaded|Win32.Build.0 = Debug|Win32
		{3546E8AC-901F-4611-8C20-0BF16609F212}.Debug Singlethreaded|x64.ActiveCfg = Debug|Win32
		{3546E8AC-901F-4611-8C20-0BF16609F212}.Debug|Any CPU.ActiveCfg = Debug|Win32
		{3546E8AC-901F-4611-8C20-0BF16609F212}.Debug|Mixed Platforms.ActiveCfg = Debug|Win32
		{3546E8AC-901F-4611-8C20-0BF16609F212}.Debug|Mixed Platforms.Build.0 = Debug|Win32
		{3546E8AC-901F-4611-8C20-0BF16609F212}.Debug|Win32.ActiveCfg = Debug|Win32
		{3546E8AC-901F-4611-8C20-0BF16609F212}.Debug|Win32.Build.0 = Debug|Win32
		{3546E8AC-901F-4611-8C20-0BF16609F212}.Debug|x64.ActiveCfg = Debug|Win32
		{3546E8AC-901F-4611-8C20-0BF16609F212}.Release Multithreaded|Any CPU.ActiveCfg = Release|Win32
		{3546E8AC-901F-4611-8C20-0BF16609F212}.Release Multithreaded|Mixed Platforms.ActiveCfg = Release|Win32
		{3546E8AC-901F-4611-8C20-0BF16609F212}.Release Multithreaded|Mixed Platforms.Build.0 = Release|Win32
		{3546E8AC-901F-4611-8C20-0BF16609F212}.Release Multithreaded|Win32.ActiveCfg = Release|Win32
		{3546E8AC-901F-4611-8C20-0BF16609F212}.Release Multithreaded|Win32.Build.0 = Release|Win32
		{3546E8AC-901F-4611-8C20-0BF16609F212}.Release Multithreaded|x64.ActiveCfg = Release|Win32
		{3546E8AC-901F-4611-8C20-0BF16609F212}.Release Singlethreaded|Any CPU.ActiveCfg = Release|Win32
		{3546E8AC-901F-4611-8C20-0BF16609F212}.Release Singlethreaded|Mixed Platforms.ActiveCfg = Release|Win32
		{3546E8AC-901F-4611-8C20-0BF16609F212}.Release Singlethreaded|Mixed Platforms.Build.0 = Release|Win32
		{3546E8AC-901F-4611-8C20-0BF16609F212}.Release Singlethreaded|Win32.ActiveCfg = Release|Win32
		{3546E8AC-901F-4611-8C20-0BF16609F212}.Release Singlethreaded|Win32.Build.0 = Release|Win32
		{3546E8AC-901F-4611-8C20-0BF16609F212}.Release Singlethreaded|x64.ActiveCfg = Release|Win32
		{3546E8AC-901F-4611-8C20-0BF16609F212}.Release|Any CPU.ActiveCfg = Release|Win32
		{3546E8AC-901F-4611-8C20-0BF16609F212}.Release|Mixed Platforms.ActiveCfg = Release|Win32
		{3546E8AC-901F-4611-8C20-0BF16609F212}.Release|Mixed Platforms.Build.0 = Release|Win32
		{3546E8AC-901F-4611-8C20-0BF16609F212}.Release|Win32.ActiveCfg = Release|Win32
		{3546E8AC-901F-4611-8C20-0BF16609F212}.Release|Win32.Build.0 = Release|Win32
		{3546E8AC-901F-4611-8C20-0BF16609F212}.Release|x64.ActiveCfg = Release|Win32
		{D4967C2E-E183-4379-91ED-911DBF72DDF9}.Debug Multithreaded|Any CPU.ActiveCfg = Debug|Win32
		{D4967C2E-E183-4379-91ED-911DBF72DDF9}.Debug Multithreaded|Mixed Platforms.ActiveCfg = Debug|Win32
		{D4967C2E-E183-4379-91ED-911DBF72DDF9}.Debug Multithreaded|Mixed Platforms.Build.0 = Debug|Win32
		{D4967C2E-E183-4379-91ED-911DBF72DDF9}.Debug Multithreaded|Win32.ActiveCfg = Debug|Win32
		{D4967C2E-E183-4379-91ED-911DBF72DDF9}.Debug Multithreaded|Win32.Build.0 = Debug|Win32
		{D4967C2E-E183-4379-91ED-911DBF72DDF9}.Debug Multithreaded|x64.ActiveCfg = Debug|Win32
		{D4967C2E-E183-4379-91ED-911DBF72DDF9}.Debug Singlethreaded|Any CPU.ActiveCfg = Debug|Win32
		{D4967C2E-E183-4379-91ED-911DBF72DDF9}.Debug Singlethreaded|Mixed Platforms.ActiveCfg = Debug|Win32
		{D4967C2E-E183-4379-91ED-911DBF72DDF9}.Debug Singlethreaded|Mixed Platforms.Build.0 = Debug|Win32
		{D4967C2E-E183-4379-91ED-911DBF72DDF9}.Debug Singlethreaded|Win32.ActiveCfg = Debug|Win32
		{D4967C2E-E183-4379-91ED-911DBF72DDF9}.Debug Singlethreaded|Win32.Build.0 = Debug|Win32
		{D4967C2E-E183-4379-91ED-911DBF72DDF9}.Debug Singlethreaded|x64.ActiveCfg = Debug|Win32
		{D4967C2E-E183-4379-91ED-911DBF72DDF9}.Debug|Any CPU.ActiveCfg = Debug|Win32
		{D4967C2E-E183-4379-91ED-911DBF72DDF9}.Debug|Mixed Platforms.ActiveCfg = Debug|Win32
		{D4967C2E-E183-4379-91ED-911DBF72DDF9}.Debug|Mixed Platforms.Build.0 = Debug|Win32
		{D4967C2E-E183-4379-91ED-911DBF72DDF9}.Debug|Win32.ActiveCfg = Debug|Win32
		{D4967C2E-E183-4379-91ED-911DBF72DDF9}.Debug|Win32.Build.0 = Debug|Win32
		{D4967C2E-E183-4379-91ED-911DBF72DDF9}.Debug|x64.ActiveCfg = Debug|Win32
		{D4967C2E-E183-4379-91ED-911DBF72DDF9}.Release Multithreaded|Any CPU.ActiveCfg = Release|Win32
		{D4967C2E-E183-4379-91ED-911DBF72DDF9}.Release Multithreaded|Mixed Platforms.ActiveCfg = Release|Win32
		{D4967C2E-E183-4379-91ED-911DBF72DDF9}.Release Multithreaded|Mixed Platforms.Build.0 = Release|Win32
		{D4967C2E-E183-4379-91ED-911DBF72DDF9}.Release Multithreaded|Win32.ActiveCfg = Release|Win32
		{D4967C2E-E183-4379-91ED-911DBF72DDF9}.Release Multithreaded|Win32.Build.0 = Release|Win32
		{D4967C2E-E183-4379-91ED-911DBF72DDF9}.Release Multithreaded|x64.ActiveCfg = Release|Win32
		{D4967C2E-E183-4379-91ED-911DBF72DDF9}.Release Singlethreaded|Any CPU.ActiveCfg = Release|Win32
		{D4967C2E-E183-4379-91ED-911DBF72DDF9}.Release Singlethreaded|Mixed Platforms.ActiveCfg = Release|Win32
		{D4967C2E-E183-4379-91ED-911DBF72DDF9}.Release Singlethreaded|Mixed Platforms.Build.0 = Release|Win32
		{D4967C2E-E183-4379-91ED-911DBF72DDF9}.Release Singlethreaded|Win32.ActiveCfg = Release|Win32
		{D4967C2E-E183-4379-91ED-911DBF72DDF9}.Release Singlethreaded|Win32.Build.0 = Release|Win32
		{D4967C2E-E183-4379-91ED-911DBF72DDF9}.Release Singlethreaded|x64.ActiveCfg = Release|Win32
		{D4967C2E-E183-4379-91ED-911DBF72DDF9}.Release|Any CPU.ActiveCfg = Release|Win32
		{D4967C2E-E183-4379-91ED-911DBF72DDF9}.Release|Mixed Platforms.ActiveCfg = Release|Win32
		{D4967C2E-E183-4379-91ED-911DBF72DDF9}.Release|Mixed Platforms.Build.0 = Release|Win32
		{D4967C2E-E183-4379-91ED-911DBF72DDF9}.Release|Win32.ActiveCfg = Release|Win32
		{D4967C2E-E183-4379-91ED-911DBF72DDF9}.Release|Win32.Build.0 = Release|Win32
		{D4967C2E-E183-4379-91ED-911DBF72DDF9}.Release|x64.ActiveCfg = Release|Win32
		{28433181-007B-4BF5-AECC-CC52F97E69A1}.Debug Multithreaded|Any CPU.ActiveCfg = Debug|Win32
		{28433181-007B-4BF5-AECC-CC52F97E69A1}.Debug Multithreaded|Mixed Platforms.ActiveCfg = Debug|Win32
		{28433181-007B-4BF5-AECC-CC52F97E69A1}.Debug Multithreaded|Mixed Platforms.Build.0 = Debug|Win32
		{28433181-007B-4BF5-AECC-CC52F97E69A1}.Debug Multithreaded|Win32.ActiveCfg = Debug|Win32
		{28433181-007B-4BF5-AECC-CC52F97E69A1}.Debug Multithreaded|Win32.Build.0 = Debug|Win32
		{28433181-007B-4BF5-AECC-CC52F97E69A1}.Debug Multithreaded|x64.ActiveCfg = Debug|Win32
		{28433181-007B-4BF5-AECC-CC52F97E69A1}.Debug Singlethreaded|Any CPU.ActiveCfg = Debug|Win32
		{28433181-007B-4BF5-AECC-CC52F97E69A1}.Debug Singlethreaded|Mixed Platforms.ActiveCfg = Debug|Win32
		{28433181-007B-4BF5-AECC-CC52F97E69A1}.Debug Singlethreaded|Mixed Platforms.Build.0 = Debug|Win32
		{28433181-007B-4BF5-AECC-CC52F97E69A1}.Debug Singlethreaded|Win32.ActiveCfg = Debug|Win32
		{28433181-007B-4BF5-AECC-CC52F97E69A1}.Debug Singlethreaded|Win32.Build.0 = Debug|Win32
		{28433181-007B-4BF5-AECC-CC52F97E69A1}.Debug Singlethreaded|x64.ActiveCfg = Debug|Win32
		{28433181-007B-4BF5-AECC-CC52F97E69A1}.Debug|Any CPU.ActiveCfg = Debug|Win32
		{28433181-007B-4BF5-AECC-CC52F97E69A1}.Debug|Mixed Platforms.ActiveCfg = Debug|Win32
		{28433181-007B-4BF5-AECC-CC52F97E69A1}.Debug|Mixed Platforms.Build.0 = Debug|Win32
		{28433181-007B-4BF5-AECC-CC52F97E69A1}.Debug|Win32.ActiveCfg = Debug|Win32
		{28433181-007B-4BF5-AECC-CC52F97E69A1}.Debug|Win32.Build.0 = Debug|Win32
		{28433181-007B-4BF5-AECC-CC52F97E69A1}.Debug|x64.ActiveCfg = Debug|Win32
		{28433181-007B-4BF5-AECC-CC52F97E69A1}.Release Multithreaded|Any CPU.ActiveCfg = Release|Win32
		{28433181-007B-4BF5-AECC-CC52F97E69A1}.Release Multithreaded|Mixed Platforms.ActiveCfg = Release|Win32
		{28433181-007B-4BF5-AECC-CC52F97E69A1}.Release Multithreaded|Mixed Platforms.Build.0 = Release|Win32
		{28433181-007B-4BF5-AECC-CC52F97E69A1}.Release Multithreaded|Win32.ActiveCfg = Release|Win32
		{28433181-007B-4BF5-AECC-CC52F97E69A1}.Release Multithreaded|Win32.Build.0 = Release|Win32
		{28433181-007B-4BF5-AECC-CC52F97E69A1}.Release Multithreaded|x64.ActiveCfg = Release|Win32
		{28433181-007B-4BF5-AECC-CC52F97E69A1}.Release Singlethreaded|Any CPU.ActiveCfg = Release|Win32
		{28433181-007B-4BF5-AECC-CC52F97E69A1}.Release Singlethreaded|Mixed Platforms.ActiveCfg = Release|Win32
		{28433181-007B-4BF5-AECC-CC52F97E69A1}.Release Singlethreaded|Mixed Platforms.Build.0 = Release|Win32
		{28433181-007B-4BF5-AECC-CC52F97E69A1}.Release Singlethreaded|Win32.ActiveCfg = Release|Win32
		{28433181-007B-4BF5-AECC-CC52F97E69A1}.Release Singlethreaded|Win32.Build.0 = Release|Win32
		{28433181-007B-4BF5-AECC-CC52F97E69A1}.Release Singlethreaded|x64.ActiveCfg = Release|Win32
		{28433181-007B-4BF5-AECC-CC52F97E69A1}.Release|Any CPU.ActiveCfg = Release|Win32
		{28433181-007B-4BF5-AECC-CC52F97E69A1}.Release|Mixed Platforms.ActiveCfg = Release|Win32
		{28433181-007B-4BF5-AECC-CC52F97E69A1}.Release|Mixed Platforms.Build.0 = Release|Win32
		{28433181-007B-4BF5-AECC-CC52F97E69A1}.Release|Win32.ActiveCfg = Release|Win32
		{28433181-007B-4BF5-AECC-CC52F97E69A1}.Release|Win32.Build.0 = Release|Win32
		{28433181-007B-4BF5-AECC-CC52F97E69A1}.Release|x64.ActiveCfg = Release|Win32
		{8EBF0A5E-0348-420E-B2D6-774BEC22DC09}.Debug Multithreaded|Any CPU.ActiveCfg = Debug|Win32
		{8EBF0A5E-0348-420E-B2D6-774BEC22DC09}.Debug Multithreaded|Mixed Platforms.ActiveCfg = Debug|Win32
		{8EBF0A5E-0348-420E-B2D6-774BEC22DC09}.Debug Multithreaded|Mixed Platforms.Build.0 = Debug|Win32
		{8EBF0A5E-0348-420E-B2D6-774BEC22DC09}.Debug Multithreaded|Win32.ActiveCfg = Debug|Win32
		{8EBF0A5E-0348-420E-B2D6-774BEC22DC09}.Debug Multithreaded|Win32.Build.0 = Debug|Win32
		{8EBF0A5E-0348-420E-B2D6-774BEC22DC09}.Debug Multithreaded|x64.ActiveCfg = Debug|Win32
		{8EBF0A5E-0348-420E-B2D6-774BEC22DC09}.Debug Singlethreaded|Any CPU.ActiveCfg = Debug|Win32
		{8EBF0A5E-0348-420E-B2D6-774BEC22DC09}.Debug Singlethreaded|Mixed Platforms.ActiveCfg = Debug|Win32
		{8EBF0A5E-0348-420E-B2D6-774BEC22DC09}.Debug Singlethreaded|Mixed Platforms.Build.0 = Debug|Win32
		{8EBF0A5E-0348-420E-B2D6-774BEC22DC09}.Debug Singlethreaded|Win32.ActiveCfg = Debug|Win32
		{8EBF0A5E-0348-420E-B2D6-774BEC22DC09}.Debug Singlethreaded|Win32.Build.0 = Debug|Win32
		{8EBF0A5E-0348-420E-B2D6-774BEC22DC09}.Debug Singlethreaded|x64.ActiveCfg = Debug|Win32
		{8EBF0A5E-0348-420E-B2D6-774BEC22DC09}.Debug|Any CPU.ActiveCfg = Debug|Win32
		{8EBF0A5E-0348-420E-B2D6-774BEC22DC09}.Debug|Mixed Platforms.ActiveCfg = Debug|Win32
		{8EBF0A5E-0348-420E-B2D6-774BEC22DC09}.Debug|Mixed Platforms.Build.0 = Debug|Win32
		{8EBF0A5E-0348-420E-B2D6-774BEC22DC09}.Debug|Win32.ActiveCfg = Debug|Win32
		{8EBF0A5E-0348-420E-B2D6-774BEC22DC09}.Debug|Win32.Build.0 = Debug|Win32
		{8EBF0A5E-0348-420E-B2D6-774BEC22DC09}.Debug|x64.ActiveCfg = Debug|Win32
		{8EBF0A5E-0348-420E-B2D6-774BEC22DC09}.Release Multithreaded|Any CPU.ActiveCfg = Release|Win32
		{8EBF0A5E-0348-420E-B2D6-774BEC22DC09}.Release Multithreaded|Mixed Platforms.ActiveCfg = Release|Win32
		{8EBF0A5E-0348-420E-B2D6-774BEC22DC09}.Release Multithreaded|Mixed Platforms.Build.0 = Release|Win32
		{8EBF0A5E-0348-420E-B2D6-774BEC22DC09}.Release Multithreaded|Win32.ActiveCfg = Release|Win32
		{8EBF0A5E-0348-420E-B2D6-774BEC22DC09}.Release Multithreaded|Win32.Build.0 = Release|Win32
		{8EBF0A5E-0348-420E-B2D6-774BEC22DC09}.Release Multithreaded|x64.ActiveCfg = Release|Win32
		{8EBF0A5E-0348-420E-B2D6-774BEC22DC09}.Release Singlethreaded|Any CPU.ActiveCfg = Release|Win32
		{8EBF0A5E-0348-420E-B2D6-774BEC22DC09}.Release Singlethreaded|Mixed Platforms.ActiveCfg = Release|Win32
		{8EBF0A5E-0348-420E-B2D6-774BEC22DC09}.Release Singlethreaded|Mixed Platforms.Build.0 = Release|Win32
		{8EBF0A5E-0348-420E-B2D6-774BEC22DC09}.Release Singlethreaded|Win32.ActiveCfg = Release|Win32
		{8EBF0A5E-0348-420E-B2D6-774BEC22DC09}.Release Singlethreaded|Win32.Build.0 = Release|Win32
		{8EBF0A5E-0348-420E-B2D6-774BEC22DC09}.Release Singlethreaded|x64.ActiveCfg = Release|Win32
		{8EBF0A5E-0348-420E-B2D6-774BEC22DC09}.Release|Any CPU.ActiveCfg = Release|Win32
		{8EBF0A5E-0348-420E-B2D6-774BEC22DC09}.Release|Mixed Platforms.ActiveCfg = Release|Win32
		{8EBF0A5E-0348-420E-B2D6-774BEC22DC09}.Release|Mixed Platforms.Build.0 = Release|Win32
		{8EBF0A5E-0348-420E-B2D6-774BEC22DC09}.Release|Win32.ActiveCfg = Release|Win32
		{8EBF0A5E-0348-420E-B2D6-774BEC22DC09}.Release|Win32.Build.0 = Release|Win32
		{8EBF0A5E-0348-420E-B2D6-774BEC22DC09}.Release|x64.ActiveCfg = Release|Win32
		{2A4D7045-767C-457C-B928-900363E044BC}.Debug Multithreaded|Any CPU.ActiveCfg = Debug|Win32
		{2A4D7045-767C-457C-B928-900363E044BC}.Debug Multithreaded|Mixed Platforms.ActiveCfg = Debug|Win32
		{2A4D7045-767C-457C-B928-900363E044BC}.Debug Multithreaded|Mixed Platforms.Build.0 = Debug|Win32
		{2A4D7045-767C-457C-B928-900363E044BC}.Debug Multithreaded|Win32.ActiveCfg = Debug|Win32
		{2A4D7045-767C-457C-B928-900363E044BC}.Debug Multithreaded|Win32.Build.0 = Debug|Win32
		{2A4D7045-767C-457C-B928-900363E044BC}.Debug Multithreaded|x64.ActiveCfg = Debug|Win32
		{2A4D7045-767C-457C-B928-900363E044BC}.Debug Singlethreaded|Any CPU.ActiveCfg = Debug|Win32
		{2A4D7045-767C-457C-B928-900363E044BC}.Debug Singlethreaded|Mixed Platforms.ActiveCfg = Debug|Win32
		{2A4D7045-767C-457C-B928-900363E044BC}.Debug Singlethreaded|Mixed Platforms.Build.0 = Debug|Win32
		{2A4D7045-767C-457C-B928-900363E044BC}.Debug Singlethreaded|Win32.ActiveCfg = Debug|Win32
		{2A4D7045-767C-457C-B928-900363E044BC}.Debug Singlethreaded|Win32.Build.0 = Debug|Win32
		{2A4D7045-767C-457C-B928-900363E044BC}.Debug Singlethreaded|x64.ActiveCfg = Debug|Win32
		{2A4D7045-767C-457C-B928-900363E044BC}.Debug|Any CPU.ActiveCfg = Debug|Win32
		{2A4D7045-767C-457C-B928-900363E044BC}.Debug|Mixed Platforms.ActiveCfg = Debug|Win32
		{2A4D7045-767C-457C-B928-900363E044BC}.Debug|Mixed Platforms.Build.0 = Debug|Win32
		{2A4D7045-767C-457C-B928-900363E044BC}.Debug|Win32.ActiveCfg = Debug|Win32
		{2A4D7045-767C-457C-B928-900363E044BC}.Debug|Win32.Build.0 = Debug|Win32
		{2A4D7045-767C-457C-B928-900363E044BC}.Debug|x64.ActiveCfg = Debug|Win32
		{2A4D7045-767C-457C-B928-900363E044BC}.Release Multithreaded|Any CPU.ActiveCfg = Release|Win32
		{2A4D7045-767C-457C-B928-900363E044BC}.Release Multithreaded|Mixed Platforms.ActiveCfg = Release|Win32
		{2A4D7045-767C-457C-B928-900363E044BC}.Release Multithreaded|Mixed Platforms.Build.0 = Release|Win32
		{2A4D7045-767C-457C-B928-900363E044BC}.Release Multithreaded|Win32.ActiveCfg = Release|Win32
		{2A4D7045-767C-457C-B928-900363E044BC}.Release Multithreaded|Win32.Build.0 = Release|Win32
		{2A4D7045-767C-457C-B928-900363E044BC}.Release Multithreaded|x64.ActiveCfg = Release|Win32
		{2A4D7045-767C-457C-B928-900363E044BC}.Release Singlethreaded|Any CPU.ActiveCfg = Release|Win32
		{2A4D7045-767C-457C-B928-900363E044BC}.Release Singlethreaded|Mixed Platforms.ActiveCfg = Release|Win32
		{2A4D7045-767C-457C-B928-900363E044BC}.Release Singlethreaded|Mixed Platforms.Build.0 = Release|Win32
		{2A4D7045-767C-457C-B928-900363E044BC}.Release Singlethreaded|Win32.ActiveCfg = Release|Win32
		{2A4D7045-767C-457C-B928-900363E044BC}.Release Singlethreaded|Win32.Build.0 = Release|Win32
		{2A4D7045-767C-457C-B928-900363E044BC}.Release Singlethreaded|x64.ActiveCfg = Release|Win32
		{2A4D7045-767C-457C-B928-900363E044BC}.Release|Any CPU.ActiveCfg = Release|Win32
		{2A4D7045-767C-457C-B928-900363E044BC}.Release|Mixed Platforms.ActiveCfg = Release|Win32
		{2A4D7045-767C-457C-B928-900363E044BC}.Release|Mixed Platforms.Build.0 = Release|Win32
		{2A4D7045-767C-457C-B928-900363E044BC}.Release|Win32.ActiveCfg = Release|Win32
		{2A4D7045-767C-457C-B928-900363E044BC}.Release|Win32.Build.0 = Release|Win32
		{2A4D7045-767C-457C-B928-900363E044BC}.Release|x64.ActiveCfg = Release|Win32
		{E13553B1-0CA5-4AEE-A676-86709D7EFD80}.Debug Multithreaded|Any CPU.ActiveCfg = Debug|Win32
		{E13553B1-0CA5-4AEE-A676-86709D7EFD80}.Debug Multithreaded|Mixed Platforms.ActiveCfg = Debug|Win32
		{E13553B1-0CA5-4AEE-A676-86709D7EFD80}.Debug Multithreaded|Mixed Platforms.Build.0 = Debug|Win32
		{E13553B1-0CA5-4AEE-A676-86709D7EFD80}.Debug Multithreaded|Win32.ActiveCfg = Debug|Win32
		{E13553B1-0CA5-4AEE-A676-86709D7EFD80}.Debug Multithreaded|Win32.Build.0 = Debug|Win32
		{E13553B1-0CA5-4AEE-A676-86709D7EFD80}.Debug Multithreaded|x64.ActiveCfg = Debug|Win32
		{E13553B1-0CA5-4AEE-A676-86709D7EFD80}.Debug Singlethreaded|Any CPU.ActiveCfg = Debug|Win32
		{E13553B1-0CA5-4AEE-A676-86709D7EFD80}.Debug Singlethreaded|Mixed Platforms.ActiveCfg = Debug|Win32
		{E13553B1-0CA5-4AEE-A676-86709D7EFD80}.Debug Singlethreaded|Mixed Platforms.Build.0 = Debug|Win32
		{E13553B1-0CA5-4AEE-A676-86709D7EFD80}.Debug Singlethreaded|Win32.ActiveCfg = Debug|Win32
		{E13553B1-0CA5-4AEE-A676-86709D7EFD80}.Debug Singlethreaded|Win32.Build.0 = Debug|Win32
		{E13553B1-0CA5-4AEE-A676-86709D7EFD80}.Debug Singlethreaded|x64.ActiveCfg = Debug|Win32
		{E13553B1-0CA5-4AEE-A676-86709D7EFD80}.Debug|Any CPU.ActiveCfg = Debug|Win32
		{E13553B1-0CA5-4AEE-A676-86709D7EFD80}.Debug|Mixed Platforms.ActiveCfg = Debug|Win32
		{E13553B1-0CA5-4AEE-A676-86709D7EFD80}.Debug|Mixed Platforms.Build.0 = Debug|Win32
		{E13553B1-0CA5-4AEE-A676-86709D7EFD80}.Debug|Win32.ActiveCfg = Debug|Win32
		{E13553B1-0CA5-4AEE-A676-86709D7EFD80}.Debug|Win32.Build.0 = Debug|Win32
		{E13553B1-0CA5-4AEE-A676-86709D7EFD80}.Debug|x64.ActiveCfg = Debug|Win32
		{E13553B1-0CA5-4AEE-A676-86709D7EFD80}.Release Multithreaded|Any CPU.ActiveCfg = Release|Win32
		{E13553B1-0CA5-4AEE-A676-86709D7EFD80}.Release Multithreaded|Mixed Platforms.ActiveCfg = Release|Win32
		{E13553B1-0CA5-4AEE-A676-86709D7EFD80}.Release Multithreaded|Mixed Platforms.Build.0 = Release|Win32
		{E13553B1-0CA5-4AEE-A676-86709D7EFD80}.Release Multithreaded|Win32.ActiveCfg = Release|Win32
		{E13553B1-0CA5-4AEE-A676-86709D7EFD80}.Release Multithreaded|Win32.Build.0 = Release|Win32
		{E13553B1-0CA5-4AEE-A676-86709D7EFD80}.Release Multithreaded|x64.ActiveCfg = Release|Win32
		{E13553B1-0CA5-4AEE-A676-86709D7EFD80}.Release Singlethreaded|Any CPU.ActiveCfg = Release|Win32
		{E13553B1-0CA5-4AEE-A676-86709D7EFD80}.Release Singlethreaded|Mixed Platforms.ActiveCfg = Release|Win32
		{E13553B1-0CA5-4AEE-A676-86709D7EFD80}.Release Singlethreaded|Mixed Platforms.Build.0 = Release|Win32
		{E13553B1-0CA5-4AEE-A676-86709D7EFD80}.Release Singlethreaded|Win32.ActiveCfg = Release|Win32
		{E13553B1-0CA5-4AEE-A676-86709D7EFD80}.Release Singlethreaded|Win32.Build.0 = Release|Win32
		{E13553B1-0CA5-4AEE-A676-86709D7EFD80}.Release Singlethreaded|x64.ActiveCfg = Release|Win32
		{E13553B1-0CA5-4AEE-A676-86709D7EFD80}.Release|Any CPU.ActiveCfg = Release|Win32
		{E13553B1-0CA5-4AEE-A676-86709D7EFD80}.Release|Mixed Platforms.ActiveCfg = Release|Win32
		{E13553B1-0CA5-4AEE-A676-86709D7EFD80}.Release|Mixed Platforms.Build.0 = Release|Win32
		{E13553B1-0CA5-4AEE-A676-86709D7EFD80}.Release|Win32.ActiveCfg = Release|Win32
		{E13553B1-0CA5-4AEE-A676-86709D7EFD80}.Release|Win32.Build.0 = Release|Win32
		{E13553B1-0CA5-4AEE-A676-86709D7EFD80}.Release|x64.ActiveCfg = Release|Win32
		{7E47E43E-1E05-4987-9A3D-349F0003E7CB}.Debug Multithreaded|Any CPU.ActiveCfg = Debug|Win32
		{7E47E43E-1E05-4987-9A3D-349F0003E7CB}.Debug Multithreaded|Mixed Platforms.ActiveCfg = Debug|Win32
		{7E47E43E-1E05-4987-9A3D-349F0003E7CB}.Debug Multithreaded|Mixed Platforms.Build.0 = Debug|Win32
		{7E47E43E-1E05-4987-9A3D-349F0003E7CB}.Debug Multithreaded|Win32.ActiveCfg = Debug|Win32
		{7E47E43E-1E05-4987-9A3D-349F0003E7CB}.Debug Multithreaded|Win32.Build.0 = Debug|Win32
		{7E47E43E-1E05-4987-9A3D-349F0003E7CB}.Debug Multithreaded|x64.ActiveCfg = Debug|Win32
		{7E47E43E-1E05-4987-9A3D-349F0003E7CB}.Debug Singlethreaded|Any CPU.ActiveCfg = Debug|Win32
		{7E47E43E-1E05-4987-9A3D-349F0003E7CB}.Debug Singlethreaded|Mixed Platforms.ActiveCfg = Debug|Win32
		{7E47E43E-1E05-4987-9A3D-349F0003E7CB}.Debug Singlethreaded|Mixed Platforms.Build.0 = Debug|Win32
		{7E47E43E-1E05-4987-9A3D-349F0003E7CB}.Debug Singlethreaded|Win32.ActiveCfg = Debug|Win32
		{7E47E43E-1E05-4987-9A3D-349F0003E7CB}.Debug Singlethreaded|Win32.Build.0 = Debug|Win32
		{7E47E43E-1E05-4987-9A3D-349F0003E7CB}.Debug Singlethreaded|x64.ActiveCfg = Debug|Win32
		{7E47E43E-1E05-4987-9A3D-349F0003E7CB}.Debug|Any CPU.ActiveCfg = Debug|Win32
		{7E47E43E-1E05-4987-9A3D-349F0003E7CB}.Debug|Mixed Platforms.ActiveCfg = Debug|Win32
		{7E47E43E-1E05-4987-9A3D-349F0003E7CB}.Debug|Mixed Platforms.Build.0 = Debug|Win32
		{7E47E43E-1E05-4987-9A3D-349F0003E7CB}.Debug|Win32.ActiveCfg = Debug|Win32
		{7E47E43E-1E05-4987-9A3D-349F0003E7CB}.Debug|Win32.Build.0 = Debug|Win32
		{7E47E43E-1E05-4987-9A3D-349F0003E7CB}.Debug|x64.ActiveCfg = Debug|Win32
		{7E47E43E-1E05-4987-9A3D-349F0003E7CB}.Release Multithreaded|Any CPU.ActiveCfg = Release|Win32
		{7E47E43E-1E05-4987-9A3D-349F0003E7CB}.Release Multithreaded|Mixed Platforms.ActiveCfg = Release|Win32
		{7E47E43E-1E05-4987-9A3D-349F0003E7CB}.Release Multithreaded|Mixed Platforms.Build.0 = Release|Win32
		{7E47E43E-1E05-4987-9A3D-349F0003E7CB}.Release Multithreaded|Win32.ActiveCfg = Release|Win32
		{7E47E43E-1E05-4987-9A3D-349F0003E7CB}.Release Multithreaded|Win32.Build.0 = Release|Win32
		{7E47E43E-1E05-4987-9A3D-349F0003E7CB}.Release Multithreaded|x64.ActiveCfg = Release|Win32
		{7E47E43E-1E05-4987-9A3D-349F0003E7CB}.Release Singlethreaded|Any CPU.ActiveCfg = Release|Win32
		{7E47E43E-1E05-4987-9A3D-349F0003E7CB}.Release Singlethreaded|Mixed Platforms.ActiveCfg = Release|Win32
		{7E47E43E-1E05-4987-9A3D-349F0003E7CB}.Release Singlethreaded|Mixed Platforms.Build.0 = Release|Win32
		{7E47E43E-1E05-4987-9A3D-349F0003E7CB}.Release Singlethreaded|Win32.ActiveCfg = Release|Win32
		{7E47E43E-1E05-4987-9A3D-349F0003E7CB}.Release Singlethreaded|Win32.Build.0 = Release|Win32
		{7E47E43E-1E05-4987-9A3D-349F0003E7CB}.Release Singlethreaded|x64.ActiveCfg = Release|Win32
		{7E47E43E-1E05-4987-9A3D-349F0003E7CB}.Release|Any CPU.ActiveCfg = Release|Win32
		{7E47E43E-1E05-4987-9A3D-349F0003E7CB}.Release|Mixed Platforms.ActiveCfg = Release|Win32
		{7E47E43E-1E05-4987-9A3D-349F0003E7CB}.Release|Mixed Platforms.Build.0 = Release|Win32
		{7E47E43E-1E05-4987-9A3D-349F0003E7CB}.Release|Win32.ActiveCfg = Release|Win32
		{7E47E43E-1E05-4987-9A3D-349F0003E7CB}.Release|Win32.Build.0 = Release|Win32
		{7E47E43E-1E05-4987-9A3D-349F0003E7CB}.Release|x64.ActiveCfg = Release|Win32
		{5DF4805A-3801-4949-B4ED-8483B5A77339}.Debug Multithreaded|Any CPU.ActiveCfg = Debug|Win32
		{5DF4805A-3801-4949-B4ED-8483B5A77339}.Debug Multithreaded|Mixed Platforms.ActiveCfg = Debug|Win32
		{5DF4805A-3801-4949-B4ED-8483B5A77339}.Debug Multithreaded|Mixed Platforms.Build.0 = Debug|Win32
		{5DF4805A-3801-4949-B4ED-8483B5A77339}.Debug Multithreaded|Win32.ActiveCfg = Debug|Win32
		{5DF4805A-3801-4949-B4ED-8483B5A77339}.Debug Multithreaded|Win32.Build.0 = Debug|Win32
		{5DF4805A-3801-4949-B4ED-8483B5A77339}.Debug Multithreaded|x64.ActiveCfg = Debug|Win32
		{5DF4805A-3801-4949-B4ED-8483B5A77339}.Debug Singlethreaded|Any CPU.ActiveCfg = Debug|Win32
		{5DF4805A-3801-4949-B4ED-8483B5A77339}.Debug Singlethreaded|Mixed Platforms.ActiveCfg = Debug|Win32
		{5DF4805A-3801-4949-B4ED-8483B5A77339}.Debug Singlethreaded|Mixed Platforms.Build.0 = Debug|Win32
		{5DF4805A-3801-4949-B4ED-8483B5A77339}.Debug Singlethreaded|Win32.ActiveCfg = Debug|Win32
		{5DF4805A-3801-4949-B4ED-8483B5A77339}.Debug Singlethreaded|Win32.Build.0 = Debug|Win32
		{5DF4805A-3801-4949-B4ED-8483B5A77339}.Debug Singlethreaded|x64.ActiveCfg = Debug|Win32
		{5DF4805A-3801-4949-B4ED-8483B5A77339}.Debug|Any CPU.ActiveCfg = Debug|Win32
		{5DF4805A-3801-4949-B4ED-8483B5A77339}.Debug|Mixed Platforms.ActiveCfg = Debug|Win32
		{5DF4805A-3801-4949-B4ED-8483B5A77339}.Debug|Mixed Platforms.Build.0 = Debug|Win32
		{5DF4805A-3801-4949-B4ED-8483B5A77339}.Debug|Win32.ActiveCfg = Debug|Win32
		{5DF4805A-3801-4949-B4ED-8483B5A77339}.Debug|Win32.Build.0 = Debug|Win32
		{5DF4805A-3801-4949-B4ED-8483B5A77339}.Debug|x64.ActiveCfg = Debug|Win32
		{5DF4805A-3801-4949-B4ED-8483B5A77339}.Release Multithreaded|Any CPU.ActiveCfg = Release|Win32
		{5DF4805A-3801-4949-B4ED-8483B5A77339}.Release Multithreaded|Mixed Platforms.ActiveCfg = Release|Win32
		{5DF4805A-3801-4949-B4ED-8483B5A77339}.Release Multithreaded|Mixed Platforms.Build.0 = Release|Win32
		{5DF4805A-3801-4949-B4ED-8483B5A77339}.Release Multithreaded|Win32.ActiveCfg = Release|Win32
		{5DF4805A-3801-4949-B4ED-8483B5A77339}.Release Multithreaded|Win32.Build.0 = Release|Win32
		{5DF4805A-3801-4949-B4ED-8483B5A77339}.Release Multithreaded|x64.ActiveCfg = Release|Win32
		{5DF4805A-3801-4949-B4ED-8483B5A77339}.Release Singlethreaded|Any CPU.ActiveCfg = Release|Win32
		{5DF4805A-3801-4949-B4ED-8483B5A77339}.Release Singlethreaded|Mixed Platforms.ActiveCfg = Release|Win32
		{5DF4805A-3801-4949-B4ED-8483B5A77339}.Release Singlethreaded|Mixed Platforms.Build.0 = Release|Win32
		{5DF4805A-3801-4949-B4ED-8483B5A77339}.Release Singlethreaded|Win32.ActiveCfg = Release|Win32
		{5DF4805A-3801-4949-B4ED-8483B5A77339}.Release Singlethreaded|Win32.Build.0 = Release|Win32
		{5DF4805A-3801-4949-B4ED-8483B5A77339}.Release Singlethreaded|x64.ActiveCfg = Release|Win32
		{5DF4805A-3801-4949-B4ED-8483B5A77339}.Release|Any CPU.ActiveCfg = Release|Win32
		{5DF4805A-3801-4949-B4ED-8483B5A77339}.Release|Mixed Platforms.ActiveCfg = Release|Win32
		{5DF4805A-3801-4949-B4ED-8483B5A77339}.Release|Mixed Platforms.Build.0 = Release|Win32
		{5DF4805A-3801-4949-B4ED-8483B5A77339}.Release|Win32.ActiveCfg = Release|Win32
		{5DF4805A-3801-4949-B4ED-8483B5A77339}.Release|Win32.Build.0 = Release|Win32
		{5DF4805A-3801-4949-B4ED-8483B5A77339}.Release|x64.ActiveCfg = Release|Win32
		{A734A817-DAC6-48BE-99B2-F3D27B576C33}.Debug Multithreaded|Any CPU.ActiveCfg = Debug|Win32
		{A734A817-DAC6-48BE-99B2-F3D27B576C33}.Debug Multithreaded|Mixed Platforms.ActiveCfg = Debug|Win32
		{A734A817-DAC6-48BE-99B2-F3D27B576C33}.Debug Multithreaded|Mixed Platforms.Build.0 = Debug|Win32
		{A734A817-DAC6-48BE-99B2-F3D27B576C33}.Debug Multithreaded|Win32.ActiveCfg = Debug|Win32
		{A734A817-DAC6-48BE-99B2-F3D27B576C33}.Debug Multithreaded|Win32.Build.0 = Debug|Win32
		{A734A817-DAC6-48BE-99B2-F3D27B576C33}.Debug Multithreaded|x64.ActiveCfg = Debug|Win32
		{A734A817-DAC6-48BE-99B2-F3D27B576C33}.Debug Singlethreaded|Any CPU.ActiveCfg = Debug|Win32
		{A734A817-DAC6-48BE-99B2-F3D27B576C33}.Debug Singlethreaded|Mixed Platforms.ActiveCfg = Debug|Win32
		{A734A817-DAC6-48BE-99B2-F3D27B576C33}.Debug Singlethreaded|Mixed Platforms.Build.0 = Debug|Win32
		{A734A817-DAC6-48BE-99B2-F3D27B576C33}.Debug Singlethreaded|Win32.ActiveCfg = Debug|Win32
		{A734A817-DAC6-48BE-99B2-F3D27B576C33}.Debug Singlethreaded|Win32.Build.0 = Debug|Win32
		{A734A817-DAC6-48BE-99B2-F3D27B576C33}.Debug Singlethreaded|x64.ActiveCfg = Debug|Win32
		{A734A817-DAC6-48BE-99B2-F3D27B576C33}.Debug|Any CPU.ActiveCfg = Debug|Win32
		{A734A817-DAC6-48BE-99B2-F3D27B576C33}.Debug|Mixed Platforms.ActiveCfg = Debug|Win32
		{A734A817-DAC6-48BE-99B2-F3D27B576C33}.Debug|Mixed Platforms.Build.0 = Debug|Win32
		{A734A817-DAC6-48BE-99B2-F3D27B576C33}.Debug|Win32.ActiveCfg = Debug|Win32
		{A734A817-DAC6-48BE-99B2-F3D27B576C33}.Debug|Win32.Build.0 = Debug|Win32
		{A734A817-DAC6-48BE-99B2-F3D27B576C33}.Debug|x64.ActiveCfg = Debug|Win32
		{A734A817-DAC6-48BE-99B2-F3D27B576C33}.Release Multithreaded|Any CPU.ActiveCfg = Release|Win32
		{A734A817-DAC6-48BE-99B2-F3D27B576C33}.Release Multithreaded|Mixed Platforms.ActiveCfg = Release|Win32
		{A734A817-DAC6-48BE-99B2-F3D27B576C33}.Release Multithreaded|Mixed Platforms.Build.0 = Release|Win32
		{A734A817-DAC6-48BE-99B2-F3D27B576C33}.Release Multithreaded|Win32.ActiveCfg = Release|Win32
		{A734A817-DAC6-48BE-99B2-F3D27B576C33}.Release Multithreaded|Win32.Build.0 = Release|Win32
		{A734A817-DAC6-48BE-99B2-F3D27B576C33}.Release Multithreaded|x64.ActiveCfg = Release|Win32
		{A734A817-DAC6-48BE-99B2-F3D27B576C33}.Release Singlethreaded|Any CPU.ActiveCfg = Release|Win32
		{A734A817-DAC6-48BE-99B2-F3D27B576C33}.Release Singlethreaded|Mixed Platforms.ActiveCfg = Release|Win32
		{A734A817-DAC6-48BE-99B2-F3D27B576C33}.Release Singlethreaded|Mixed Platforms.Build.0 = Release|Win32
		{A734A817-DAC6-48BE-99B2-F3D27B576C33}.Release Singlethreaded|Win32.ActiveCfg = Release|Win32
		{A734A817-DAC6-48BE-99B2-F3D27B576C33}.Release Singlethreaded|Win32.Build.0 = Release|Win32
		{A734A817-DAC6-48BE-99B2-F3D27B576C33}.Release Singlethreaded|x64.ActiveCfg = Release|Win32
		{A734A817-DAC6-48BE-99B2-F3D27B576C33}.Release|Any CPU.ActiveCfg = Release|Win32
		{A734A817-DAC6-48BE-99B2-F3D27B576C33}.Release|Mixed Platforms.ActiveCfg = Release|Win32
		{A734A817-DAC6-48BE-99B2-F3D27B576C33}.Release|Mixed Platforms.Build.0 = Release|Win32
		{A734A817-DAC6-48BE-99B2-F3D27B576C33}.Release|Win32.ActiveCfg = Release|Win32
		{A734A817-DAC6-48BE-99B2-F3D27B576C33}.Release|Win32.Build.0 = Release|Win32
		{A734A817-DAC6-48BE-99B2-F3D27B576C33}.Release|x64.ActiveCfg = Release|Win32
		{78B079BD-9FC7-4B9E-B4A6-96DA0F00248B}.Debug Multithreaded|Any CPU.ActiveCfg = Debug Multithreaded|Win32
		{78B079BD-9FC7-4B9E-B4A6-96DA0F00248B}.Debug Multithreaded|Mixed Platforms.ActiveCfg = Debug Multithreaded|Win32
		{78B079BD-9FC7-4B9E-B4A6-96DA0F00248B}.Debug Multithreaded|Mixed Platforms.Build.0 = Debug Multithreaded|Win32
		{78B079BD-9FC7-4B9E-B4A6-96DA0F00248B}.Debug Multithreaded|Win32.ActiveCfg = Debug Multithreaded|Win32
		{78B079BD-9FC7-4B9E-B4A6-96DA0F00248B}.Debug Multithreaded|Win32.Build.0 = Debug Multithreaded|Win32
		{78B079BD-9FC7-4B9E-B4A6-96DA0F00248B}.Debug Multithreaded|x64.ActiveCfg = Debug Multithreaded|x64
		{78B079BD-9FC7-4B9E-B4A6-96DA0F00248B}.Debug Multithreaded|x64.Build.0 = Debug Multithreaded|x64
		{78B079BD-9FC7-4B9E-B4A6-96DA0F00248B}.Debug Singlethreaded|Any CPU.ActiveCfg = Debug Singlethreaded|Win32
		{78B079BD-9FC7-4B9E-B4A6-96DA0F00248B}.Debug Singlethreaded|Mixed Platforms.ActiveCfg = Debug Singlethreaded|Win32
		{78B079BD-9FC7-4B9E-B4A6-96DA0F00248B}.Debug Singlethreaded|Mixed Platforms.Build.0 = Debug Singlethreaded|Win32
		{78B079BD-9FC7-4B9E-B4A6-96DA0F00248B}.Debug Singlethreaded|Win32.ActiveCfg = Debug Singlethreaded|Win32
		{78B079BD-9FC7-4B9E-B4A6-96DA0F00248B}.Debug Singlethreaded|Win32.Build.0 = Debug Singlethreaded|Win32
		{78B079BD-9FC7-4B9E-B4A6-96DA0F00248B}.Debug Singlethreaded|x64.ActiveCfg = Debug Singlethreaded|x64
		{78B079BD-9FC7-4B9E-B4A6-96DA0F00248B}.Debug Singlethreaded|x64.Build.0 = Debug Singlethreaded|x64
		{78B079BD-9FC7-4B9E-B4A6-96DA0F00248B}.Debug|Any CPU.ActiveCfg = Debug|Win32
		{78B079BD-9FC7-4B9E-B4A6-96DA0F00248B}.Debug|Mixed Platforms.ActiveCfg = Debug|Win32
		{78B079BD-9FC7-4B9E-B4A6-96DA0F00248B}.Debug|Mixed Platforms.Build.0 = Debug|Win32
		{78B079BD-9FC7-4B9E-B4A6-96DA0F00248B}.Debug|Win32.ActiveCfg = Debug|Win32
		{78B079BD-9FC7-4B9E-B4A6-96DA0F00248B}.Debug|Win32.Build.0 = Debug|Win32
		{78B079BD-9FC7-4B9E-B4A6-96DA0F00248B}.Debug|x64.ActiveCfg = Debug|x64
		{78B079BD-9FC7-4B9E-B4A6-96DA0F00248B}.Debug|x64.Build.0 = Debug|x64
		{78B079BD-9FC7-4B9E-B4A6-96DA0F00248B}.Release Multithreaded|Any CPU.ActiveCfg = Release Multithreaded|Win32
		{78B079BD-9FC7-4B9E-B4A6-96DA0F00248B}.Release Multithreaded|Mixed Platforms.ActiveCfg = Release Multithreaded|Win32
		{78B079BD-9FC7-4B9E-B4A6-96DA0F00248B}.Release Multithreaded|Mixed Platforms.Build.0 = Release Multithreaded|Win32
		{78B079BD-9FC7-4B9E-B4A6-96DA0F00248B}.Release Multithreaded|Win32.ActiveCfg = Release Multithreaded|Win32
		{78B079BD-9FC7-4B9E-B4A6-96DA0F00248B}.Release Multithreaded|Win32.Build.0 = Release Multithreaded|Win32
		{78B079BD-9FC7-4B9E-B4A6-96DA0F00248B}.Release Multithreaded|x64.ActiveCfg = Release Multithreaded|x64
		{78B079BD-9FC7-4B9E-B4A6-96DA0F00248B}.Release Multithreaded|x64.Build.0 = Release Multithreaded|x64
		{78B079BD-9FC7-4B9E-B4A6-96DA0F00248B}.Release Singlethreaded|Any CPU.ActiveCfg = Release Singlethreaded|Win32
		{78B079BD-9FC7-4B9E-B4A6-96DA0F00248B}.Release Singlethreaded|Mixed Platforms.ActiveCfg = Release Singlethreaded|Win32
		{78B079BD-9FC7-4B9E-B4A6-96DA0F00248B}.Release Singlethreaded|Mixed Platforms.Build.0 = Release Singlethreaded|Win32
		{78B079BD-9FC7-4B9E-B4A6-96DA0F00248B}.Release Singlethreaded|Win32.ActiveCfg = Release Singlethreaded|Win32
		{78B079BD-9FC7-4B9E-B4A6-96DA0F00248B}.Release Singlethreaded|Win32.Build.0 = Release Singlethreaded|Win32
		{78B079BD-9FC7-4B9E-B4A6-96DA0F00248B}.Release Singlethreaded|x64.ActiveCfg = Release Singlethreaded|x64
		{78B079BD-9FC7-4B9E-B4A6-96DA0F00248B}.Release Singlethreaded|x64.Build.0 = Release Singlethreaded|x64
		{78B079BD-9FC7-4B9E-B4A6-96DA0F00248B}.Release|Any CPU.ActiveCfg = Release|Win32
		{78B079BD-9FC7-4B9E-B4A6-96DA0F00248B}.Release|Mixed Platforms.ActiveCfg = Release|Win32
		{78B079BD-9FC7-4B9E-B4A6-96DA0F00248B}.Release|Mixed Platforms.Build.0 = Release|Win32
		{78B079BD-9FC7-4B9E-B4A6-96DA0F00248B}.Release|Win32.ActiveCfg = Release|Win32
		{78B079BD-9FC7-4B9E-B4A6-96DA0F00248B}.Release|Win32.Build.0 = Release|Win32
		{78B079BD-9FC7-4B9E-B4A6-96DA0F00248B}.Release|x64.ActiveCfg = Release|x64
		{78B079BD-9FC7-4B9E-B4A6-96DA0F00248B}.Release|x64.Build.0 = Release|x64
		{A95145B2-1142-481A-8485-156F9D9BB597}.Debug Multithreaded|Any CPU.ActiveCfg = Debug|Win32
		{A95145B2-1142-481A-8485-156F9D9BB597}.Debug Multithreaded|Mixed Platforms.ActiveCfg = Debug|Win32
		{A95145B2-1142-481A-8485-156F9D9BB597}.Debug Multithreaded|Mixed Platforms.Build.0 = Debug|Win32
		{A95145B2-1142-481A-8485-156F9D9BB597}.Debug Multithreaded|Win32.ActiveCfg = Debug|Win32
		{A95145B2-1142-481A-8485-156F9D9BB597}.Debug Multithreaded|Win32.Build.0 = Debug|Win32
		{A95145B2-1142-481A-8485-156F9D9BB597}.Debug Multithreaded|x64.ActiveCfg = Debug|Win32
		{A95145B2-1142-481A-8485-156F9D9BB597}.Debug Singlethreaded|Any CPU.ActiveCfg = Debug|Win32
		{A95145B2-1142-481A-8485-156F9D9BB597}.Debug Singlethreaded|Mixed Platforms.ActiveCfg = Debug|Win32
		{A95145B2-1142-481A-8485-156F9D9BB597}.Debug Singlethreaded|Mixed Platforms.Build.0 = Debug|Win32
		{A95145B2-1142-481A-8485-156F9D9BB597}.Debug Singlethreaded|Win32.ActiveCfg = Debug|Win32
		{A95145B2-1142-481A-8485-156F9D9BB597}.Debug Singlethreaded|Win32.Build.0 = Debug|Win32
		{A95145B2-1142-481A-8485-156F9D9BB597}.Debug Singlethreaded|x64.ActiveCfg = Debug|Win32
		{A95145B2-1142-481A-8485-156F9D9BB597}.Debug|Any CPU.ActiveCfg = Debug|Win32
		{A95145B2-1142-481A-8485-156F9D9BB597}.Debug|Mixed Platforms.ActiveCfg = Debug|Win32
		{A95145B2-1142-481A-8485-156F9D9BB597}.Debug|Mixed Platforms.Build.0 = Debug|Win32
		{A95145B2-1142-481A-8485-156F9D9BB597}.Debug|Win32.ActiveCfg = Debug|Win32
		{A95145B2-1142-481A-8485-156F9D9BB597}.Debug|Win32.Build.0 = Debug|Win32
		{A95145B2-1142-481A-8485-156F9D9BB597}.Debug|x64.ActiveCfg = Debug|Win32
		{A95145B2-1142-481A-8485-156F9D9BB597}.Release Multithreaded|Any CPU.ActiveCfg = Release|Win32
		{A95145B2-1142-481A-8485-156F9D9BB597}.Release Multithreaded|Mixed Platforms.ActiveCfg = Release|Win32
		{A95145B2-1142-481A-8485-156F9D9BB597}.Release Multithreaded|Mixed Platforms.Build.0 = Release|Win32
		{A95145B2-1142-481A-8485-156F9D9BB597}.Release Multithreaded|Win32.ActiveCfg = Release|Win32
		{A95145B2-1142-481A-8485-156F9D9BB597}.Release Multithreaded|Win32.Build.0 = Release|Win32
		{A95145B2-1142-481A-8485-156F9D9BB597}.Release Multithreaded|x64.ActiveCfg = Release|Win32
		{A95145B2-1142-481A-8485-156F9D9BB597}.Release Singlethreaded|Any CPU.ActiveCfg = Release|Win32
		{A95145B2-1142-481A-8485-156F9D9BB597}.Release Singlethreaded|Mixed Platforms.ActiveCfg = Release|Win32
		{A95145B2-1142-481A-8485-156F9D9BB597}.Release Singlethreaded|Mixed Platforms.Build.0 = Release|Win32
		{A95145B2-1142-481A-8485-156F9D9BB597}.Release Singlethreaded|Win32.ActiveCfg = Release|Win32
		{A95145B2-1142-481A-8485-156F9D9BB597}.Release Singlethreaded|Win32.Build.0 = Release|Win32
		{A95145B2-1142-481A-8485-156F9D9BB597}.Release Singlethreaded|x64.ActiveCfg = Release|Win32
		{A95145B2-1142-481A-8485-156F9D9BB597}.Release|Any CPU.ActiveCfg = Release|Win32
		{A95145B2-1142-481A-8485-156F9D9BB597}.Release|Mixed Platforms.ActiveCfg = Release|Win32
		{A95145B2-1142-481A-8485-156F9D9BB597}.Release|Mixed Platforms.Build.0 = Release|Win32
		{A95145B2-1142-481A-8485-156F9D9BB597}.Release|Win32.ActiveCfg = Release|Win32
		{A95145B2-1142-481A-8485-156F9D9BB597}.Release|Win32.Build.0 = Release|Win32
		{A95145B2-1142-481A-8485-156F9D9BB597}.Release|x64.ActiveCfg = Release|Win32
	EndGlobalSection
	GlobalSection(SolutionProperties) = preSolution
		HideSolutionNode = FALSE
	EndGlobalSection
EndGlobal
